github.com/Dailiduzhou/hacker-support v0.0.0-20251110103632-c06cdbb25d17 h1:RLMjUEacbU0hATvGeIzjT6s10qYCgchdImz0E+wGn0c=
github.com/Dailiduzhou/hacker-support v0.0.0-20251110103632-c06cdbb25d17/go.mod h1:stAd8w2xbjMF9yJbJiI9KPgGRJOTfV0Iw/wz8EvKhYI=
github.com/blackfireio/osinfo v1.1.0 h1:1LMkMiFL42+Brx7r3MKuf7UTlXBRgebFLJQAfoFafj8=
github.com/blackfireio/osinfo v1.1.0/go.mod h1:Pd987poVNmd5Wsx6PRPw4+w7kLlf9iJxoRKPtPAjOrA=
